# THIS IS AN AUTOGENERATED FILE. DO NOT EDIT THIS FILE DIRECTLY.
# yarn lockfile v1


flag-icons@^6.2.0:
  version "6.2.0"
  resolved "https://registry.yarnpkg.com/flag-icons/-/flag-icons-6.2.0.tgz#afc990e7b55c82dc1d02fd5b20c1bcf305c0a9f8"
  integrity sha512-cFpV72wTVaRhcU6dzyD3rtCbx+8AtFXHxlidtXMCqssBbuUTmHzc6GlGDb8XfxtMZGx9I/HzsLe6En3RjUWsCw==
